
Microsoft Visual Studio Solution File, Format Version 12.00
# Visual Studio 15
Project("{FAE04EC0-301F-11D3-BF4B-00C04F79EFBC}") = "WeatherApp.Android", "WeatherApp.Android\WeatherApp.Android.csproj", "{F60B0DFF-AB28-4D13-B728-B64C9F5247E3}"
EndProject
Project("{FAE04EC0-301F-11D3-BF4B-00C04F79EFBC}") = "WeatherApp.iOS", "WeatherApp.iOS\WeatherApp.iOS.csproj", "{FAA4D726-9212-4BF0-BDC4-D6BE83C9049D}"
EndProject
Project("{FAE04EC0-301F-11D3-BF4B-00C04F79EFBC}") = "WeatherApp", "WeatherApp\WeatherApp.csproj", "{5EBF137D-CD0D-4DBA-8F7E-CCF408ADBD05}"
EndProject
Global
	GlobalSection(SolutionConfigurationPlatforms) = preSolution
		Debug|Any CPU = Debug|Any CPU
		Release|Any CPU = Release|Any CPU
		Debug|iPhoneSimulator = Debug|iPhoneSimulator
		Release|iPhoneSimulator = Release|iPhoneSimulator
		Debug|iPhone = Debug|iPhone
		Release|iPhone = Release|iPhone
	EndGlobalSection
	GlobalSection(ProjectConfigurationPlatforms) = postSolution
		{F60B0DFF-AB28-4D13-B728-B64C9F5247E3}.Debug|Any CPU.ActiveCfg = Debug|Any CPU
		{F60B0DFF-AB28-4D13-B728-B64C9F5247E3}.Debug|Any CPU.Build.0 = Debug|Any CPU
		{F60B0DFF-AB28-4D13-B728-B64C9F5247E3}.Release|Any CPU.ActiveCfg = Release|Any CPU
		{F60B0DFF-AB28-4D13-B728-B64C9F5247E3}.Release|Any CPU.Build.0 = Release|Any CPU
		{F60B0DFF-AB28-4D13-B728-B64C9F5247E3}.Debug|iPhoneSimulator.ActiveCfg = Debug|Any CPU
		{F60B0DFF-AB28-4D13-B728-B64C9F5247E3}.Debug|iPhoneSimulator.Build.0 = Debug|Any CPU
		{F60B0DFF-AB28-4D13-B728-B64C9F5247E3}.Release|iPhoneSimulator.ActiveCfg = Release|Any CPU
		{F60B0DFF-AB28-4D13-B728-B64C9F5247E3}.Release|iPhoneSimulator.Build.0 = Release|Any CPU
		{F60B0DFF-AB28-4D13-B728-B64C9F5247E3}.Debug|iPhone.ActiveCfg = Debug|Any CPU
		{F60B0DFF-AB28-4D13-B728-B64C9F5247E3}.Debug|iPhone.Build.0 = Debug|Any CPU
		{F60B0DFF-AB28-4D13-B728-B64C9F5247E3}.Release|iPhone.ActiveCfg = Release|Any CPU
		{F60B0DFF-AB28-4D13-B728-B64C9F5247E3}.Release|iPhone.Build.0 = Release|Any CPU
		{FAA4D726-9212-4BF0-BDC4-D6BE83C9049D}.Debug|Any CPU.ActiveCfg = Debug|iPhoneSimulator
		{FAA4D726-9212-4BF0-BDC4-D6BE83C9049D}.Debug|Any CPU.Build.0 = Debug|iPhoneSimulator
		{FAA4D726-9212-4BF0-BDC4-D6BE83C9049D}.Release|Any CPU.ActiveCfg = Release|iPhoneSimulator
		{FAA4D726-9212-4BF0-BDC4-D6BE83C9049D}.Release|Any CPU.Build.0 = Release|iPhoneSimulator
		{FAA4D726-9212-4BF0-BDC4-D6BE83C9049D}.Debug|iPhoneSimulator.ActiveCfg = Debug|iPhoneSimulator
		{FAA4D726-9212-4BF0-BDC4-D6BE83C9049D}.Debug|iPhoneSimulator.Build.0 = Debug|iPhoneSimulator
		{FAA4D726-9212-4BF0-BDC4-D6BE83C9049D}.Release|iPhoneSimulator.ActiveCfg = Release|iPhoneSimulator
		{FAA4D726-9212-4BF0-BDC4-D6BE83C9049D}.Release|iPhoneSimulator.Build.0 = Release|iPhoneSimulator
		{FAA4D726-9212-4BF0-BDC4-D6BE83C9049D}.Debug|iPhone.ActiveCfg = Debug|iPhone
		{FAA4D726-9212-4BF0-BDC4-D6BE83C9049D}.Debug|iPhone.Build.0 = Debug|iPhone
		{FAA4D726-9212-4BF0-BDC4-D6BE83C9049D}.Release|iPhone.ActiveCfg = Release|iPhone
		{FAA4D726-9212-4BF0-BDC4-D6BE83C9049D}.Release|iPhone.Build.0 = Release|iPhone
		{5EBF137D-CD0D-4DBA-8F7E-CCF408ADBD05}.Debug|Any CPU.ActiveCfg = Debug|Any CPU
		{5EBF137D-CD0D-4DBA-8F7E-CCF408ADBD05}.Debug|Any CPU.Build.0 = Debug|Any CPU
		{5EBF137D-CD0D-4DBA-8F7E-CCF408ADBD05}.Release|Any CPU.ActiveCfg = Release|Any CPU
		{5EBF137D-CD0D-4DBA-8F7E-CCF408ADBD05}.Release|Any CPU.Build.0 = Release|Any CPU
		{5EBF137D-CD0D-4DBA-8F7E-CCF408ADBD05}.Debug|iPhoneSimulator.ActiveCfg = Debug|Any CPU
		{5EBF137D-CD0D-4DBA-8F7E-CCF408ADBD05}.Debug|iPhoneSimulator.Build.0 = Debug|Any CPU
		{5EBF137D-CD0D-4DBA-8F7E-CCF408ADBD05}.Release|iPhoneSimulator.ActiveCfg = Release|Any CPU
		{5EBF137D-CD0D-4DBA-8F7E-CCF408ADBD05}.Release|iPhoneSimulator.Build.0 = Release|Any CPU
		{5EBF137D-CD0D-4DBA-8F7E-CCF408ADBD05}.Debug|iPhone.ActiveCfg = Debug|Any CPU
		{5EBF137D-CD0D-4DBA-8F7E-CCF408ADBD05}.Debug|iPhone.Build.0 = Debug|Any CPU
		{5EBF137D-CD0D-4DBA-8F7E-CCF408ADBD05}.Release|iPhone.ActiveCfg = Release|Any CPU
		{5EBF137D-CD0D-4DBA-8F7E-CCF408ADBD05}.Release|iPhone.Build.0 = Release|Any CPU
	EndGlobalSection
EndGlobal
